
Microsoft Visual Studio Solution File, Format Version 12.00
# Visual Studio 14
VisualStudioVersion = 14.0.25420.1
MinimumVisualStudioVersion = 10.0.40219.1
Project("{FAE04EC0-301F-11D3-BF4B-00C04F79EFBC}") = "SqlRunner", "SqlRunner\SqlRunner\SqlRunner.csproj", "{6F2E6A28-1E63-40C7-BD50-FCDFB15EF2E5}"
EndProject
Project("{FAE04EC0-301F-11D3-BF4B-00C04F79EFBC}") = "SqlRunner.Droid", "SqlRunner\SqlRunner.Droid\SqlRunner.Droid.csproj", "{37E6B8FE-528F-4C26-B77B-DCD4FBB14226}"
EndProject
Project("{FAE04EC0-301F-11D3-BF4B-00C04F79EFBC}") = "SqlRunner.iOS", "SqlRunner\SqlRunner.iOS\SqlRunner.iOS.csproj", "{997B1549-442B-4170-B683-5977B06D6D41}"
EndProject
Project("{FAE04EC0-301F-11D3-BF4B-00C04F79EFBC}") = "SqlRunner.WinPhone", "SqlRunner\SqlRunner.WinPhone\SqlRunner.WinPhone.csproj", "{8211E9CB-00D6-4AF8-BD5D-3AFAFB7ABCF8}"
EndProject
Project("{FAE04EC0-301F-11D3-BF4B-00C04F79EFBC}") = "SqlRunner.UWP", "SqlRunner\SqlRunner.UWP\SqlRunner.UWP.csproj", "{8BB83BF1-8C43-425B-9A0B-9DFD551865BA}"
EndProject
Project("{FAE04EC0-301F-11D3-BF4B-00C04F79EFBC}") = "SqlRunner.Windows", "SqlRunner\SqlRunner.Windows\SqlRunner.Windows.csproj", "{EFDCF4C6-D979-4BAA-A5D1-B592D595019D}"
EndProject
Project("{FAE04EC0-301F-11D3-BF4B-00C04F79EFBC}") = "SqlRunner.WPF", "SqlRunner.WPF\SqlRunner.WPF.csproj", "{1E8623ED-D992-4B97-A6C1-906F2E34047D}"
EndProject
Project("{FAE04EC0-301F-11D3-BF4B-00C04F79EFBC}") = "SqlRunner.Core", "SqlRunner.Core\SqlRunner.Core.csproj", "{1773B444-8CDA-4C13-A16B-10C9552DC4D7}"
EndProject
Global
	GlobalSection(SolutionConfigurationPlatforms) = preSolution
		Ad-Hoc|Any CPU = Ad-Hoc|Any CPU
		Ad-Hoc|ARM = Ad-Hoc|ARM
		Ad-Hoc|iPhone = Ad-Hoc|iPhone
		Ad-Hoc|iPhoneSimulator = Ad-Hoc|iPhoneSimulator
		Ad-Hoc|x64 = Ad-Hoc|x64
		Ad-Hoc|x86 = Ad-Hoc|x86
		AppStore|Any CPU = AppStore|Any CPU
		AppStore|ARM = AppStore|ARM
		AppStore|iPhone = AppStore|iPhone
		AppStore|iPhoneSimulator = AppStore|iPhoneSimulator
		AppStore|x64 = AppStore|x64
		AppStore|x86 = AppStore|x86
		Debug|Any CPU = Debug|Any CPU
		Debug|ARM = Debug|ARM
		Debug|iPhone = Debug|iPhone
		Debug|iPhoneSimulator = Debug|iPhoneSimulator
		Debug|x64 = Debug|x64
		Debug|x86 = Debug|x86
		Release|Any CPU = Release|Any CPU
		Release|ARM = Release|ARM
		Release|iPhone = Release|iPhone
		Release|iPhoneSimulator = Release|iPhoneSimulator
		Release|x64 = Release|x64
		Release|x86 = Release|x86
	EndGlobalSection
	GlobalSection(ProjectConfigurationPlatforms) = postSolution
		{6F2E6A28-1E63-40C7-BD50-FCDFB15EF2E5}.Ad-Hoc|Any CPU.ActiveCfg = Release|Any CPU
		{6F2E6A28-1E63-40C7-BD50-FCDFB15EF2E5}.Ad-Hoc|Any CPU.Build.0 = Release|Any CPU
		{6F2E6A28-1E63-40C7-BD50-FCDFB15EF2E5}.Ad-Hoc|ARM.ActiveCfg = Release|Any CPU
		{6F2E6A28-1E63-40C7-BD50-FCDFB15EF2E5}.Ad-Hoc|ARM.Build.0 = Release|Any CPU
		{6F2E6A28-1E63-40C7-BD50-FCDFB15EF2E5}.Ad-Hoc|iPhone.ActiveCfg = Release|Any CPU
		{6F2E6A28-1E63-40C7-BD50-FCDFB15EF2E5}.Ad-Hoc|iPhone.Build.0 = Release|Any CPU
		{6F2E6A28-1E63-40C7-BD50-FCDFB15EF2E5}.Ad-Hoc|iPhoneSimulator.ActiveCfg = Release|Any CPU
		{6F2E6A28-1E63-40C7-BD50-FCDFB15EF2E5}.Ad-Hoc|iPhoneSimulator.Build.0 = Release|Any CPU
		{6F2E6A28-1E63-40C7-BD50-FCDFB15EF2E5}.Ad-Hoc|x64.ActiveCfg = Release|Any CPU
		{6F2E6A28-1E63-40C7-BD50-FCDFB15EF2E5}.Ad-Hoc|x64.Build.0 = Release|Any CPU
		{6F2E6A28-1E63-40C7-BD50-FCDFB15EF2E5}.Ad-Hoc|x86.ActiveCfg = Release|Any CPU
		{6F2E6A28-1E63-40C7-BD50-FCDFB15EF2E5}.Ad-Hoc|x86.Build.0 = Release|Any CPU
		{6F2E6A28-1E63-40C7-BD50-FCDFB15EF2E5}.AppStore|Any CPU.ActiveCfg = Release|Any CPU
		{6F2E6A28-1E63-40C7-BD50-FCDFB15EF2E5}.AppStore|Any CPU.Build.0 = Release|Any CPU
		{6F2E6A28-1E63-40C7-BD50-FCDFB15EF2E5}.AppStore|ARM.ActiveCfg = Release|Any CPU
		{6F2E6A28-1E63-40C7-BD50-FCDFB15EF2E5}.AppStore|ARM.Build.0 = Release|Any CPU
		{6F2E6A28-1E63-40C7-BD50-FCDFB15EF2E5}.AppStore|iPhone.ActiveCfg = Release|Any CPU
		{6F2E6A28-1E63-40C7-BD50-FCDFB15EF2E5}.AppStore|iPhone.Build.0 = Release|Any CPU
		{6F2E6A28-1E63-40C7-BD50-FCDFB15EF2E5}.AppStore|iPhoneSimulator.ActiveCfg = Release|Any CPU
		{6F2E6A28-1E63-40C7-BD50-FCDFB15EF2E5}.AppStore|iPhoneSimulator.Build.0 = Release|Any CPU
		{6F2E6A28-1E63-40C7-BD50-FCDFB15EF2E5}.AppStore|x64.ActiveCfg = Release|Any CPU
		{6F2E6A28-1E63-40C7-BD50-FCDFB15EF2E5}.AppStore|x64.Build.0 = Release|Any CPU
		{6F2E6A28-1E63-40C7-BD50-FCDFB15EF2E5}.AppStore|x86.ActiveCfg = Release|Any CPU
		{6F2E6A28-1E63-40C7-BD50-FCDFB15EF2E5}.AppStore|x86.Build.0 = Release|Any CPU
		{6F2E6A28-1E63-40C7-BD50-FCDFB15EF2E5}.Debug|Any CPU.ActiveCfg = Debug|Any CPU
		{6F2E6A28-1E63-40C7-BD50-FCDFB15EF2E5}.Debug|Any CPU.Build.0 = Debug|Any CPU
		{6F2E6A28-1E63-40C7-BD50-FCDFB15EF2E5}.Debug|ARM.ActiveCfg = Debug|Any CPU
		{6F2E6A28-1E63-40C7-BD50-FCDFB15EF2E5}.Debug|ARM.Build.0 = Debug|Any CPU
		{6F2E6A28-1E63-40C7-BD50-FCDFB15EF2E5}.Debug|iPhone.ActiveCfg = Debug|Any CPU
		{6F2E6A28-1E63-40C7-BD50-FCDFB15EF2E5}.Debug|iPhone.Build.0 = Debug|Any CPU
		{6F2E6A28-1E63-40C7-BD50-FCDFB15EF2E5}.Debug|iPhoneSimulator.ActiveCfg = Debug|Any CPU
		{6F2E6A28-1E63-40C7-BD50-FCDFB15EF2E5}.Debug|iPhoneSimulator.Build.0 = Debug|Any CPU
		{6F2E6A28-1E63-40C7-BD50-FCDFB15EF2E5}.Debug|x64.ActiveCfg = Debug|Any CPU
		{6F2E6A28-1E63-40C7-BD50-FCDFB15EF2E5}.Debug|x64.Build.0 = Debug|Any CPU
		{6F2E6A28-1E63-40C7-BD50-FCDFB15EF2E5}.Debug|x86.ActiveCfg = Debug|Any CPU
		{6F2E6A28-1E63-40C7-BD50-FCDFB15EF2E5}.Debug|x86.Build.0 = Debug|Any CPU
		{6F2E6A28-1E63-40C7-BD50-FCDFB15EF2E5}.Release|Any CPU.ActiveCfg = Release|Any CPU
		{6F2E6A28-1E63-40C7-BD50-FCDFB15EF2E5}.Release|Any CPU.Build.0 = Release|Any CPU
		{6F2E6A28-1E63-40C7-BD50-FCDFB15EF2E5}.Release|ARM.ActiveCfg = Release|Any CPU
		{6F2E6A28-1E63-40C7-BD50-FCDFB15EF2E5}.Release|ARM.Build.0 = Release|Any CPU
		{6F2E6A28-1E63-40C7-BD50-FCDFB15EF2E5}.Release|iPhone.ActiveCfg = Release|Any CPU
		{6F2E6A28-1E63-40C7-BD50-FCDFB15EF2E5}.Release|iPhone.Build.0 = Release|Any CPU
		{6F2E6A28-1E63-40C7-BD50-FCDFB15EF2E5}.Release|iPhoneSimulator.ActiveCfg = Release|Any CPU
		{6F2E6A28-1E63-40C7-BD50-FCDFB15EF2E5}.Release|iPhoneSimulator.Build.0 = Release|Any CPU
		{6F2E6A28-1E63-40C7-BD50-FCDFB15EF2E5}.Release|x64.ActiveCfg = Release|Any CPU
		{6F2E6A28-1E63-40C7-BD50-FCDFB15EF2E5}.Release|x64.Build.0 = Release|Any CPU
		{6F2E6A28-1E63-40C7-BD50-FCDFB15EF2E5}.Release|x86.ActiveCfg = Release|Any CPU
		{6F2E6A28-1E63-40C7-BD50-FCDFB15EF2E5}.Release|x86.Build.0 = Release|Any CPU
		{37E6B8FE-528F-4C26-B77B-DCD4FBB14226}.Ad-Hoc|Any CPU.ActiveCfg = Release|Any CPU
		{37E6B8FE-528F-4C26-B77B-DCD4FBB14226}.Ad-Hoc|Any CPU.Build.0 = Release|Any CPU
		{37E6B8FE-528F-4C26-B77B-DCD4FBB14226}.Ad-Hoc|Any CPU.Deploy.0 = Release|Any CPU
		{37E6B8FE-528F-4C26-B77B-DCD4FBB14226}.Ad-Hoc|ARM.ActiveCfg = Release|Any CPU
		{37E6B8FE-528F-4C26-B77B-DCD4FBB14226}.Ad-Hoc|ARM.Build.0 = Release|Any CPU
		{37E6B8FE-528F-4C26-B77B-DCD4FBB14226}.Ad-Hoc|ARM.Deploy.0 = Release|Any CPU
		{37E6B8FE-528F-4C26-B77B-DCD4FBB14226}.Ad-Hoc|iPhone.ActiveCfg = Release|Any CPU
		{37E6B8FE-528F-4C26-B77B-DCD4FBB14226}.Ad-Hoc|iPhone.Build.0 = Release|Any CPU
		{37E6B8FE-528F-4C26-B77B-DCD4FBB14226}.Ad-Hoc|iPhone.Deploy.0 = Release|Any CPU
		{37E6B8FE-528F-4C26-B77B-DCD4FBB14226}.Ad-Hoc|iPhoneSimulator.ActiveCfg = Release|Any CPU
		{37E6B8FE-528F-4C26-B77B-DCD4FBB14226}.Ad-Hoc|iPhoneSimulator.Build.0 = Release|Any CPU
		{37E6B8FE-528F-4C26-B77B-DCD4FBB14226}.Ad-Hoc|iPhoneSimulator.Deploy.0 = Release|Any CPU
		{37E6B8FE-528F-4C26-B77B-DCD4FBB14226}.Ad-Hoc|x64.ActiveCfg = Release|Any CPU
		{37E6B8FE-528F-4C26-B77B-DCD4FBB14226}.Ad-Hoc|x64.Build.0 = Release|Any CPU
		{37E6B8FE-528F-4C26-B77B-DCD4FBB14226}.Ad-Hoc|x64.Deploy.0 = Release|Any CPU
		{37E6B8FE-528F-4C26-B77B-DCD4FBB14226}.Ad-Hoc|x86.ActiveCfg = Release|Any CPU
		{37E6B8FE-528F-4C26-B77B-DCD4FBB14226}.Ad-Hoc|x86.Build.0 = Release|Any CPU
		{37E6B8FE-528F-4C26-B77B-DCD4FBB14226}.Ad-Hoc|x86.Deploy.0 = Release|Any CPU
		{37E6B8FE-528F-4C26-B77B-DCD4FBB14226}.AppStore|Any CPU.ActiveCfg = Release|Any CPU
		{37E6B8FE-528F-4C26-B77B-DCD4FBB14226}.AppStore|Any CPU.Build.0 = Release|Any CPU
		{37E6B8FE-528F-4C26-B77B-DCD4FBB14226}.AppStore|Any CPU.Deploy.0 = Release|Any CPU
		{37E6B8FE-528F-4C26-B77B-DCD4FBB14226}.AppStore|ARM.ActiveCfg = Release|Any CPU
		{37E6B8FE-528F-4C26-B77B-DCD4FBB14226}.AppStore|ARM.Build.0 = Release|Any CPU
		{37E6B8FE-528F-4C26-B77B-DCD4FBB14226}.AppStore|ARM.Deploy.0 = Release|Any CPU
		{37E6B8FE-528F-4C26-B77B-DCD4FBB14226}.AppStore|iPhone.ActiveCfg = Release|Any CPU
		{37E6B8FE-528F-4C26-B77B-DCD4FBB14226}.AppStore|iPhone.Build.0 = Release|Any CPU
		{37E6B8FE-528F-4C26-B77B-DCD4FBB14226}.AppStore|iPhone.Deploy.0 = Release|Any CPU
		{37E6B8FE-528F-4C26-B77B-DCD4FBB14226}.AppStore|iPhoneSimulator.ActiveCfg = Release|Any CPU
		{37E6B8FE-528F-4C26-B77B-DCD4FBB14226}.AppStore|iPhoneSimulator.Build.0 = Release|Any CPU
		{37E6B8FE-528F-4C26-B77B-DCD4FBB14226}.AppStore|iPhoneSimulator.Deploy.0 = Release|Any CPU
		{37E6B8FE-528F-4C26-B77B-DCD4FBB14226}.AppStore|x64.ActiveCfg = Release|Any CPU
		{37E6B8FE-528F-4C26-B77B-DCD4FBB14226}.AppStore|x64.Build.0 = Release|Any CPU
		{37E6B8FE-528F-4C26-B77B-DCD4FBB14226}.AppStore|x64.Deploy.0 = Release|Any CPU
		{37E6B8FE-528F-4C26-B77B-DCD4FBB14226}.AppStore|x86.ActiveCfg = Release|Any CPU
		{37E6B8FE-528F-4C26-B77B-DCD4FBB14226}.AppStore|x86.Build.0 = Release|Any CPU
		{37E6B8FE-528F-4C26-B77B-DCD4FBB14226}.AppStore|x86.Deploy.0 = Release|Any CPU
		{37E6B8FE-528F-4C26-B77B-DCD4FBB14226}.Debug|Any CPU.ActiveCfg = Debug|Any CPU
		{37E6B8FE-528F-4C26-B77B-DCD4FBB14226}.Debug|Any CPU.Build.0 = Debug|Any CPU
		{37E6B8FE-528F-4C26-B77B-DCD4FBB14226}.Debug|Any CPU.Deploy.0 = Debug|Any CPU
		{37E6B8FE-528F-4C26-B77B-DCD4FBB14226}.Debug|ARM.ActiveCfg = Debug|Any CPU
		{37E6B8FE-528F-4C26-B77B-DCD4FBB14226}.Debug|ARM.Build.0 = Debug|Any CPU
		{37E6B8FE-528F-4C26-B77B-DCD4FBB14226}.Debug|ARM.Deploy.0 = Debug|Any CPU
		{37E6B8FE-528F-4C26-B77B-DCD4FBB14226}.Debug|iPhone.ActiveCfg = Debug|Any CPU
		{37E6B8FE-528F-4C26-B77B-DCD4FBB14226}.Debug|iPhone.Build.0 = Debug|Any CPU
		{37E6B8FE-528F-4C26-B77B-DCD4FBB14226}.Debug|iPhone.Deploy.0 = Debug|Any CPU
		{37E6B8FE-528F-4C26-B77B-DCD4FBB14226}.Debug|iPhoneSimulator.ActiveCfg = Debug|Any CPU
		{37E6B8FE-528F-4C26-B77B-DCD4FBB14226}.Debug|iPhoneSimulator.Build.0 = Debug|Any CPU
		{37E6B8FE-528F-4C26-B77B-DCD4FBB14226}.Debug|iPhoneSimulator.Deploy.0 = Debug|Any CPU
		{37E6B8FE-528F-4C26-B77B-DCD4FBB14226}.Debug|x64.ActiveCfg = Debug|Any CPU
		{37E6B8FE-528F-4C26-B77B-DCD4FBB14226}.Debug|x64.Build.0 = Debug|Any CPU
		{37E6B8FE-528F-4C26-B77B-DCD4FBB14226}.Debug|x64.Deploy.0 = Debug|Any CPU
		{37E6B8FE-528F-4C26-B77B-DCD4FBB14226}.Debug|x86.ActiveCfg = Debug|Any CPU
		{37E6B8FE-528F-4C26-B77B-DCD4FBB14226}.Debug|x86.Build.0 = Debug|Any CPU
		{37E6B8FE-528F-4C26-B77B-DCD4FBB14226}.Debug|x86.Deploy.0 = Debug|Any CPU
		{37E6B8FE-528F-4C26-B77B-DCD4FBB14226}.Release|Any CPU.ActiveCfg = Release|Any CPU
		{37E6B8FE-528F-4C26-B77B-DCD4FBB14226}.Release|Any CPU.Build.0 = Release|Any CPU
		{37E6B8FE-528F-4C26-B77B-DCD4FBB14226}.Release|Any CPU.Deploy.0 = Release|Any CPU
		{37E6B8FE-528F-4C26-B77B-DCD4FBB14226}.Release|ARM.ActiveCfg = Release|Any CPU
		{37E6B8FE-528F-4C26-B77B-DCD4FBB14226}.Release|ARM.Build.0 = Release|Any CPU
		{37E6B8FE-528F-4C26-B77B-DCD4FBB14226}.Release|ARM.Deploy.0 = Release|Any CPU
		{37E6B8FE-528F-4C26-B77B-DCD4FBB14226}.Release|iPhone.ActiveCfg = Release|Any CPU
		{37E6B8FE-528F-4C26-B77B-DCD4FBB14226}.Release|iPhone.Build.0 = Release|Any CPU
		{37E6B8FE-528F-4C26-B77B-DCD4FBB14226}.Release|iPhone.Deploy.0 = Release|Any CPU
		{37E6B8FE-528F-4C26-B77B-DCD4FBB14226}.Release|iPhoneSimulator.ActiveCfg = Release|Any CPU
		{37E6B8FE-528F-4C26-B77B-DCD4FBB14226}.Release|iPhoneSimulator.Build.0 = Release|Any CPU
		{37E6B8FE-528F-4C26-B77B-DCD4FBB14226}.Release|iPhoneSimulator.Deploy.0 = Release|Any CPU
		{37E6B8FE-528F-4C26-B77B-DCD4FBB14226}.Release|x64.ActiveCfg = Release|Any CPU
		{37E6B8FE-528F-4C26-B77B-DCD4FBB14226}.Release|x64.Build.0 = Release|Any CPU
		{37E6B8FE-528F-4C26-B77B-DCD4FBB14226}.Release|x64.Deploy.0 = Release|Any CPU
		{37E6B8FE-528F-4C26-B77B-DCD4FBB14226}.Release|x86.ActiveCfg = Release|Any CPU
		{37E6B8FE-528F-4C26-B77B-DCD4FBB14226}.Release|x86.Build.0 = Release|Any CPU
		{37E6B8FE-528F-4C26-B77B-DCD4FBB14226}.Release|x86.Deploy.0 = Release|Any CPU
		{997B1549-442B-4170-B683-5977B06D6D41}.Ad-Hoc|Any CPU.ActiveCfg = Ad-Hoc|iPhone
		{997B1549-442B-4170-B683-5977B06D6D41}.Ad-Hoc|ARM.ActiveCfg = Ad-Hoc|iPhone
		{997B1549-442B-4170-B683-5977B06D6D41}.Ad-Hoc|iPhone.ActiveCfg = Ad-Hoc|iPhone
		{997B1549-442B-4170-B683-5977B06D6D41}.Ad-Hoc|iPhone.Build.0 = Ad-Hoc|iPhone
		{997B1549-442B-4170-B683-5977B06D6D41}.Ad-Hoc|iPhoneSimulator.ActiveCfg = Ad-Hoc|iPhoneSimulator
		{997B1549-442B-4170-B683-5977B06D6D41}.Ad-Hoc|iPhoneSimulator.Build.0 = Ad-Hoc|iPhoneSimulator
		{997B1549-442B-4170-B683-5977B06D6D41}.Ad-Hoc|x64.ActiveCfg = Ad-Hoc|iPhone
		{997B1549-442B-4170-B683-5977B06D6D41}.Ad-Hoc|x86.ActiveCfg = Ad-Hoc|iPhone
		{997B1549-442B-4170-B683-5977B06D6D41}.AppStore|Any CPU.ActiveCfg = AppStore|iPhone
		{997B1549-442B-4170-B683-5977B06D6D41}.AppStore|ARM.ActiveCfg = AppStore|iPhone
		{997B1549-442B-4170-B683-5977B06D6D41}.AppStore|iPhone.ActiveCfg = AppStore|iPhone
		{997B1549-442B-4170-B683-5977B06D6D41}.AppStore|iPhone.Build.0 = AppStore|iPhone
		{997B1549-442B-4170-B683-5977B06D6D41}.AppStore|iPhoneSimulator.ActiveCfg = AppStore|iPhoneSimulator
		{997B1549-442B-4170-B683-5977B06D6D41}.AppStore|iPhoneSimulator.Build.0 = AppStore|iPhoneSimulator
		{997B1549-442B-4170-B683-5977B06D6D41}.AppStore|x64.ActiveCfg = AppStore|iPhone
		{997B1549-442B-4170-B683-5977B06D6D41}.AppStore|x86.ActiveCfg = AppStore|iPhone
		{997B1549-442B-4170-B683-5977B06D6D41}.Debug|Any CPU.ActiveCfg = Debug|iPhone
		{997B1549-442B-4170-B683-5977B06D6D41}.Debug|ARM.ActiveCfg = Debug|iPhone
		{997B1549-442B-4170-B683-5977B06D6D41}.Debug|iPhone.ActiveCfg = Debug|iPhone
		{997B1549-442B-4170-B683-5977B06D6D41}.Debug|iPhone.Build.0 = Debug|iPhone
		{997B1549-442B-4170-B683-5977B06D6D41}.Debug|iPhoneSimulator.ActiveCfg = Debug|iPhoneSimulator
		{997B1549-442B-4170-B683-5977B06D6D41}.Debug|iPhoneSimulator.Build.0 = Debug|iPhoneSimulator
		{997B1549-442B-4170-B683-5977B06D6D41}.Debug|x64.ActiveCfg = Debug|iPhone
		{997B1549-442B-4170-B683-5977B06D6D41}.Debug|x86.ActiveCfg = Debug|iPhone
		{997B1549-442B-4170-B683-5977B06D6D41}.Release|Any CPU.ActiveCfg = Release|iPhone
		{997B1549-442B-4170-B683-5977B06D6D41}.Release|ARM.ActiveCfg = Release|iPhone
		{997B1549-442B-4170-B683-5977B06D6D41}.Release|iPhone.ActiveCfg = Release|iPhone
		{997B1549-442B-4170-B683-5977B06D6D41}.Release|iPhone.Build.0 = Release|iPhone
		{997B1549-442B-4170-B683-5977B06D6D41}.Release|iPhoneSimulator.ActiveCfg = Release|iPhoneSimulator
		{997B1549-442B-4170-B683-5977B06D6D41}.Release|iPhoneSimulator.Build.0 = Release|iPhoneSimulator
		{997B1549-442B-4170-B683-5977B06D6D41}.Release|x64.ActiveCfg = Release|iPhone
		{997B1549-442B-4170-B683-5977B06D6D41}.Release|x86.ActiveCfg = Release|iPhone
		{8211E9CB-00D6-4AF8-BD5D-3AFAFB7ABCF8}.Ad-Hoc|Any CPU.ActiveCfg = Release|Any CPU
		{8211E9CB-00D6-4AF8-BD5D-3AFAFB7ABCF8}.Ad-Hoc|Any CPU.Build.0 = Release|Any CPU
		{8211E9CB-00D6-4AF8-BD5D-3AFAFB7ABCF8}.Ad-Hoc|Any CPU.Deploy.0 = Release|Any CPU
		{8211E9CB-00D6-4AF8-BD5D-3AFAFB7ABCF8}.Ad-Hoc|ARM.ActiveCfg = Release|ARM
		{8211E9CB-00D6-4AF8-BD5D-3AFAFB7ABCF8}.Ad-Hoc|ARM.Build.0 = Release|ARM
		{8211E9CB-00D6-4AF8-BD5D-3AFAFB7ABCF8}.Ad-Hoc|ARM.Deploy.0 = Release|ARM
		{8211E9CB-00D6-4AF8-BD5D-3AFAFB7ABCF8}.Ad-Hoc|iPhone.ActiveCfg = Release|Any CPU
		{8211E9CB-00D6-4AF8-BD5D-3AFAFB7ABCF8}.Ad-Hoc|iPhone.Build.0 = Release|Any CPU
		{8211E9CB-00D6-4AF8-BD5D-3AFAFB7ABCF8}.Ad-Hoc|iPhone.Deploy.0 = Release|Any CPU
		{8211E9CB-00D6-4AF8-BD5D-3AFAFB7ABCF8}.Ad-Hoc|iPhoneSimulator.ActiveCfg = Release|Any CPU
		{8211E9CB-00D6-4AF8-BD5D-3AFAFB7ABCF8}.Ad-Hoc|iPhoneSimulator.Build.0 = Release|Any CPU
		{8211E9CB-00D6-4AF8-BD5D-3AFAFB7ABCF8}.Ad-Hoc|iPhoneSimulator.Deploy.0 = Release|Any CPU
		{8211E9CB-00D6-4AF8-BD5D-3AFAFB7ABCF8}.Ad-Hoc|x64.ActiveCfg = Release|Any CPU
		{8211E9CB-00D6-4AF8-BD5D-3AFAFB7ABCF8}.Ad-Hoc|x64.Build.0 = Release|Any CPU
		{8211E9CB-00D6-4AF8-BD5D-3AFAFB7ABCF8}.Ad-Hoc|x64.Deploy.0 = Release|Any CPU
		{8211E9CB-00D6-4AF8-BD5D-3AFAFB7ABCF8}.Ad-Hoc|x86.ActiveCfg = Release|x86
		{8211E9CB-00D6-4AF8-BD5D-3AFAFB7ABCF8}.Ad-Hoc|x86.Build.0 = Release|x86
		{8211E9CB-00D6-4AF8-BD5D-3AFAFB7ABCF8}.Ad-Hoc|x86.Deploy.0 = Release|x86
		{8211E9CB-00D6-4AF8-BD5D-3AFAFB7ABCF8}.AppStore|Any CPU.ActiveCfg = Release|Any CPU
		{8211E9CB-00D6-4AF8-BD5D-3AFAFB7ABCF8}.AppStore|Any CPU.Build.0 = Release|Any CPU
		{8211E9CB-00D6-4AF8-BD5D-3AFAFB7ABCF8}.AppStore|Any CPU.Deploy.0 = Release|Any CPU
		{8211E9CB-00D6-4AF8-BD5D-3AFAFB7ABCF8}.AppStore|ARM.ActiveCfg = Release|ARM
		{8211E9CB-00D6-4AF8-BD5D-3AFAFB7ABCF8}.AppStore|ARM.Build.0 = Release|ARM
		{8211E9CB-00D6-4AF8-BD5D-3AFAFB7ABCF8}.AppStore|ARM.Deploy.0 = Release|ARM
		{8211E9CB-00D6-4AF8-BD5D-3AFAFB7ABCF8}.AppStore|iPhone.ActiveCfg = Release|Any CPU
		{8211E9CB-00D6-4AF8-BD5D-3AFAFB7ABCF8}.AppStore|iPhone.Build.0 = Release|Any CPU
		{8211E9CB-00D6-4AF8-BD5D-3AFAFB7ABCF8}.AppStore|iPhone.Deploy.0 = Release|Any CPU
		{8211E9CB-00D6-4AF8-BD5D-3AFAFB7ABCF8}.AppStore|iPhoneSimulator.ActiveCfg = Release|Any CPU
		{8211E9CB-00D6-4AF8-BD5D-3AFAFB7ABCF8}.AppStore|iPhoneSimulator.Build.0 = Release|Any CPU
		{8211E9CB-00D6-4AF8-BD5D-3AFAFB7ABCF8}.AppStore|iPhoneSimulator.Deploy.0 = Release|Any CPU
		{8211E9CB-00D6-4AF8-BD5D-3AFAFB7ABCF8}.AppStore|x64.ActiveCfg = Release|Any CPU
		{8211E9CB-00D6-4AF8-BD5D-3AFAFB7ABCF8}.AppStore|x64.Build.0 = Release|Any CPU
		{8211E9CB-00D6-4AF8-BD5D-3AFAFB7ABCF8}.AppStore|x64.Deploy.0 = Release|Any CPU
		{8211E9CB-00D6-4AF8-BD5D-3AFAFB7ABCF8}.AppStore|x86.ActiveCfg = Release|x86
		{8211E9CB-00D6-4AF8-BD5D-3AFAFB7ABCF8}.AppStore|x86.Build.0 = Release|x86
		{8211E9CB-00D6-4AF8-BD5D-3AFAFB7ABCF8}.AppStore|x86.Deploy.0 = Release|x86
		{8211E9CB-00D6-4AF8-BD5D-3AFAFB7ABCF8}.Debug|Any CPU.ActiveCfg = Debug|Any CPU
		{8211E9CB-00D6-4AF8-BD5D-3AFAFB7ABCF8}.Debug|Any CPU.Build.0 = Debug|Any CPU
		{8211E9CB-00D6-4AF8-BD5D-3AFAFB7ABCF8}.Debug|Any CPU.Deploy.0 = Debug|Any CPU
		{8211E9CB-00D6-4AF8-BD5D-3AFAFB7ABCF8}.Debug|ARM.ActiveCfg = Debug|ARM
		{8211E9CB-00D6-4AF8-BD5D-3AFAFB7ABCF8}.Debug|ARM.Build.0 = Debug|ARM
		{8211E9CB-00D6-4AF8-BD5D-3AFAFB7ABCF8}.Debug|ARM.Deploy.0 = Debug|ARM
		{8211E9CB-00D6-4AF8-BD5D-3AFAFB7ABCF8}.Debug|iPhone.ActiveCfg = Debug|Any CPU
		{8211E9CB-00D6-4AF8-BD5D-3AFAFB7ABCF8}.Debug|iPhone.Build.0 = Debug|Any CPU
		{8211E9CB-00D6-4AF8-BD5D-3AFAFB7ABCF8}.Debug|iPhone.Deploy.0 = Debug|Any CPU
		{8211E9CB-00D6-4AF8-BD5D-3AFAFB7ABCF8}.Debug|iPhoneSimulator.ActiveCfg = Debug|Any CPU
		{8211E9CB-00D6-4AF8-BD5D-3AFAFB7ABCF8}.Debug|iPhoneSimulator.Build.0 = Debug|Any CPU
		{8211E9CB-00D6-4AF8-BD5D-3AFAFB7ABCF8}.Debug|iPhoneSimulator.Deploy.0 = Debug|Any CPU
		{8211E9CB-00D6-4AF8-BD5D-3AFAFB7ABCF8}.Debug|x64.ActiveCfg = Debug|Any CPU
		{8211E9CB-00D6-4AF8-BD5D-3AFAFB7ABCF8}.Debug|x64.Build.0 = Debug|Any CPU
		{8211E9CB-00D6-4AF8-BD5D-3AFAFB7ABCF8}.Debug|x64.Deploy.0 = Debug|Any CPU
		{8211E9CB-00D6-4AF8-BD5D-3AFAFB7ABCF8}.Debug|x86.ActiveCfg = Debug|x86
		{8211E9CB-00D6-4AF8-BD5D-3AFAFB7ABCF8}.Debug|x86.Build.0 = Debug|x86
		{8211E9CB-00D6-4AF8-BD5D-3AFAFB7ABCF8}.Debug|x86.Deploy.0 = Debug|x86
		{8211E9CB-00D6-4AF8-BD5D-3AFAFB7ABCF8}.Release|Any CPU.ActiveCfg = Release|Any CPU
		{8211E9CB-00D6-4AF8-BD5D-3AFAFB7ABCF8}.Release|Any CPU.Build.0 = Release|Any CPU
		{8211E9CB-00D6-4AF8-BD5D-3AFAFB7ABCF8}.Release|Any CPU.Deploy.0 = Release|Any CPU
		{8211E9CB-00D6-4AF8-BD5D-3AFAFB7ABCF8}.Release|ARM.ActiveCfg = Release|ARM
		{8211E9CB-00D6-4AF8-BD5D-3AFAFB7ABCF8}.Release|ARM.Build.0 = Release|ARM
		{8211E9CB-00D6-4AF8-BD5D-3AFAFB7ABCF8}.Release|ARM.Deploy.0 = Release|ARM
		{8211E9CB-00D6-4AF8-BD5D-3AFAFB7ABCF8}.Release|iPhone.ActiveCfg = Release|Any CPU
		{8211E9CB-00D6-4AF8-BD5D-3AFAFB7ABCF8}.Release|iPhone.Build.0 = Release|Any CPU
		{8211E9CB-00D6-4AF8-BD5D-3AFAFB7ABCF8}.Release|iPhone.Deploy.0 = Release|Any CPU
		{8211E9CB-00D6-4AF8-BD5D-3AFAFB7ABCF8}.Release|iPhoneSimulator.ActiveCfg = Release|Any CPU
		{8211E9CB-00D6-4AF8-BD5D-3AFAFB7ABCF8}.Release|iPhoneSimulator.Build.0 = Release|Any CPU
		{8211E9CB-00D6-4AF8-BD5D-3AFAFB7ABCF8}.Release|iPhoneSimulator.Deploy.0 = Release|Any CPU
		{8211E9CB-00D6-4AF8-BD5D-3AFAFB7ABCF8}.Release|x64.ActiveCfg = Release|Any CPU
		{8211E9CB-00D6-4AF8-BD5D-3AFAFB7ABCF8}.Release|x64.Build.0 = Release|Any CPU
		{8211E9CB-00D6-4AF8-BD5D-3AFAFB7ABCF8}.Release|x64.Deploy.0 = Release|Any CPU
		{8211E9CB-00D6-4AF8-BD5D-3AFAFB7ABCF8}.Release|x86.ActiveCfg = Release|x86
		{8211E9CB-00D6-4AF8-BD5D-3AFAFB7ABCF8}.Release|x86.Build.0 = Release|x86
		{8211E9CB-00D6-4AF8-BD5D-3AFAFB7ABCF8}.Release|x86.Deploy.0 = Release|x86
		{8BB83BF1-8C43-425B-9A0B-9DFD551865BA}.Ad-Hoc|Any CPU.ActiveCfg = Release|x86
		{8BB83BF1-8C43-425B-9A0B-9DFD551865BA}.Ad-Hoc|Any CPU.Build.0 = Release|x86
		{8BB83BF1-8C43-425B-9A0B-9DFD551865BA}.Ad-Hoc|Any CPU.Deploy.0 = Release|x86
		{8BB83BF1-8C43-425B-9A0B-9DFD551865BA}.Ad-Hoc|ARM.ActiveCfg = Release|ARM
		{8BB83BF1-8C43-425B-9A0B-9DFD551865BA}.Ad-Hoc|ARM.Build.0 = Release|ARM
		{8BB83BF1-8C43-425B-9A0B-9DFD551865BA}.Ad-Hoc|ARM.Deploy.0 = Release|ARM
		{8BB83BF1-8C43-425B-9A0B-9DFD551865BA}.Ad-Hoc|iPhone.ActiveCfg = Release|x86
		{8BB83BF1-8C43-425B-9A0B-9DFD551865BA}.Ad-Hoc|iPhone.Build.0 = Release|x86
		{8BB83BF1-8C43-425B-9A0B-9DFD551865BA}.Ad-Hoc|iPhone.Deploy.0 = Release|x86
		{8BB83BF1-8C43-425B-9A0B-9DFD551865BA}.Ad-Hoc|iPhoneSimulator.ActiveCfg = Release|x86
		{8BB83BF1-8C43-425B-9A0B-9DFD551865BA}.Ad-Hoc|iPhoneSimulator.Build.0 = Release|x86
		{8BB83BF1-8C43-425B-9A0B-9DFD551865BA}.Ad-Hoc|iPhoneSimulator.Deploy.0 = Release|x86
		{8BB83BF1-8C43-425B-9A0B-9DFD551865BA}.Ad-Hoc|x64.ActiveCfg = Release|x64
		{8BB83BF1-8C43-425B-9A0B-9DFD551865BA}.Ad-Hoc|x64.Build.0 = Release|x64
		{8BB83BF1-8C43-425B-9A0B-9DFD551865BA}.Ad-Hoc|x64.Deploy.0 = Release|x64
		{8BB83BF1-8C43-425B-9A0B-9DFD551865BA}.Ad-Hoc|x86.ActiveCfg = Release|x86
		{8BB83BF1-8C43-425B-9A0B-9DFD551865BA}.Ad-Hoc|x86.Build.0 = Release|x86
		{8BB83BF1-8C43-425B-9A0B-9DFD551865BA}.Ad-Hoc|x86.Deploy.0 = Release|x86
		{8BB83BF1-8C43-425B-9A0B-9DFD551865BA}.AppStore|Any CPU.ActiveCfg = Release|x86
		{8BB83BF1-8C43-425B-9A0B-9DFD551865BA}.AppStore|Any CPU.Build.0 = Release|x86
		{8BB83BF1-8C43-425B-9A0B-9DFD551865BA}.AppStore|Any CPU.Deploy.0 = Release|x86
		{8BB83BF1-8C43-425B-9A0B-9DFD551865BA}.AppStore|ARM.ActiveCfg = Release|ARM
		{8BB83BF1-8C43-425B-9A0B-9DFD551865BA}.AppStore|ARM.Build.0 = Release|ARM
		{8BB83BF1-8C43-425B-9A0B-9DFD551865BA}.AppStore|ARM.Deploy.0 = Release|ARM
		{8BB83BF1-8C43-425B-9A0B-9DFD551865BA}.AppStore|iPhone.ActiveCfg = Release|x86
		{8BB83BF1-8C43-425B-9A0B-9DFD551865BA}.AppStore|iPhone.Build.0 = Release|x86
		{8BB83BF1-8C43-425B-9A0B-9DFD551865BA}.AppStore|iPhone.Deploy.0 = Release|x86
		{8BB83BF1-8C43-425B-9A0B-9DFD551865BA}.AppStore|iPhoneSimulator.ActiveCfg = Release|x86
		{8BB83BF1-8C43-425B-9A0B-9DFD551865BA}.AppStore|iPhoneSimulator.Build.0 = Release|x86
		{8BB83BF1-8C43-425B-9A0B-9DFD551865BA}.AppStore|iPhoneSimulator.Deploy.0 = Release|x86
		{8BB83BF1-8C43-425B-9A0B-9DFD551865BA}.AppStore|x64.ActiveCfg = Release|x64
		{8BB83BF1-8C43-425B-9A0B-9DFD551865BA}.AppStore|x64.Build.0 = Release|x64
		{8BB83BF1-8C43-425B-9A0B-9DFD551865BA}.AppStore|x64.Deploy.0 = Release|x64
		{8BB83BF1-8C43-425B-9A0B-9DFD551865BA}.AppStore|x86.ActiveCfg = Release|x86
		{8BB83BF1-8C43-425B-9A0B-9DFD551865BA}.AppStore|x86.Build.0 = Release|x86
		{8BB83BF1-8C43-425B-9A0B-9DFD551865BA}.AppStore|x86.Deploy.0 = Release|x86
		{8BB83BF1-8C43-425B-9A0B-9DFD551865BA}.Debug|Any CPU.ActiveCfg = Debug|x86
		{8BB83BF1-8C43-425B-9A0B-9DFD551865BA}.Debug|Any CPU.Build.0 = Debug|x86
		{8BB83BF1-8C43-425B-9A0B-9DFD551865BA}.Debug|Any CPU.Deploy.0 = Debug|x86
		{8BB83BF1-8C43-425B-9A0B-9DFD551865BA}.Debug|ARM.ActiveCfg = Debug|ARM
		{8BB83BF1-8C43-425B-9A0B-9DFD551865BA}.Debug|ARM.Build.0 = Debug|ARM
		{8BB83BF1-8C43-425B-9A0B-9DFD551865BA}.Debug|ARM.Deploy.0 = Debug|ARM
		{8BB83BF1-8C43-425B-9A0B-9DFD551865BA}.Debug|iPhone.ActiveCfg = Debug|x86
		{8BB83BF1-8C43-425B-9A0B-9DFD551865BA}.Debug|iPhoneSimulator.ActiveCfg = Debug|x86
		{8BB83BF1-8C43-425B-9A0B-9DFD551865BA}.Debug|x64.ActiveCfg = Debug|x64
		{8BB83BF1-8C43-425B-9A0B-9DFD551865BA}.Debug|x64.Build.0 = Debug|x64
		{8BB83BF1-8C43-425B-9A0B-9DFD551865BA}.Debug|x64.Deploy.0 = Debug|x64
		{8BB83BF1-8C43-425B-9A0B-9DFD551865BA}.Debug|x86.ActiveCfg = Debug|x86
		{8BB83BF1-8C43-425B-9A0B-9DFD551865BA}.Debug|x86.Build.0 = Debug|x86
		{8BB83BF1-8C43-425B-9A0B-9DFD551865BA}.Debug|x86.Deploy.0 = Debug|x86
		{8BB83BF1-8C43-425B-9A0B-9DFD551865BA}.Release|Any CPU.ActiveCfg = Release|x86
		{8BB83BF1-8C43-425B-9A0B-9DFD551865BA}.Release|ARM.ActiveCfg = Release|ARM
		{8BB83BF1-8C43-425B-9A0B-9DFD551865BA}.Release|ARM.Build.0 = Release|ARM
		{8BB83BF1-8C43-425B-9A0B-9DFD551865BA}.Release|ARM.Deploy.0 = Release|ARM
		{8BB83BF1-8C43-425B-9A0B-9DFD551865BA}.Release|iPhone.ActiveCfg = Release|x86
		{8BB83BF1-8C43-425B-9A0B-9DFD551865BA}.Release|iPhoneSimulator.ActiveCfg = Release|x86
		{8BB83BF1-8C43-425B-9A0B-9DFD551865BA}.Release|x64.ActiveCfg = Release|x64
		{8BB83BF1-8C43-425B-9A0B-9DFD551865BA}.Release|x64.Build.0 = Release|x64
		{8BB83BF1-8C43-425B-9A0B-9DFD551865BA}.Release|x64.Deploy.0 = Release|x64
		{8BB83BF1-8C43-425B-9A0B-9DFD551865BA}.Release|x86.ActiveCfg = Release|x86
		{8BB83BF1-8C43-425B-9A0B-9DFD551865BA}.Release|x86.Build.0 = Release|x86
		{8BB83BF1-8C43-425B-9A0B-9DFD551865BA}.Release|x86.Deploy.0 = Release|x86
		{EFDCF4C6-D979-4BAA-A5D1-B592D595019D}.Ad-Hoc|Any CPU.ActiveCfg = Release|Any CPU
		{EFDCF4C6-D979-4BAA-A5D1-B592D595019D}.Ad-Hoc|Any CPU.Build.0 = Release|Any CPU
		{EFDCF4C6-D979-4BAA-A5D1-B592D595019D}.Ad-Hoc|Any CPU.Deploy.0 = Release|Any CPU
		{EFDCF4C6-D979-4BAA-A5D1-B592D595019D}.Ad-Hoc|ARM.ActiveCfg = Release|ARM
		{EFDCF4C6-D979-4BAA-A5D1-B592D595019D}.Ad-Hoc|ARM.Build.0 = Release|ARM
		{EFDCF4C6-D979-4BAA-A5D1-B592D595019D}.Ad-Hoc|ARM.Deploy.0 = Release|ARM
		{EFDCF4C6-D979-4BAA-A5D1-B592D595019D}.Ad-Hoc|iPhone.ActiveCfg = Release|Any CPU
		{EFDCF4C6-D979-4BAA-A5D1-B592D595019D}.Ad-Hoc|iPhone.Build.0 = Release|Any CPU
		{EFDCF4C6-D979-4BAA-A5D1-B592D595019D}.Ad-Hoc|iPhone.Deploy.0 = Release|Any CPU
		{EFDCF4C6-D979-4BAA-A5D1-B592D595019D}.Ad-Hoc|iPhoneSimulator.ActiveCfg = Release|Any CPU
		{EFDCF4C6-D979-4BAA-A5D1-B592D595019D}.Ad-Hoc|iPhoneSimulator.Build.0 = Release|Any CPU
		{EFDCF4C6-D979-4BAA-A5D1-B592D595019D}.Ad-Hoc|iPhoneSimulator.Deploy.0 = Release|Any CPU
		{EFDCF4C6-D979-4BAA-A5D1-B592D595019D}.Ad-Hoc|x64.ActiveCfg = Release|x64
		{EFDCF4C6-D979-4BAA-A5D1-B592D595019D}.Ad-Hoc|x64.Build.0 = Release|x64
		{EFDCF4C6-D979-4BAA-A5D1-B592D595019D}.Ad-Hoc|x64.Deploy.0 = Release|x64
		{EFDCF4C6-D979-4BAA-A5D1-B592D595019D}.Ad-Hoc|x86.ActiveCfg = Release|x86
		{EFDCF4C6-D979-4BAA-A5D1-B592D595019D}.Ad-Hoc|x86.Build.0 = Release|x86
		{EFDCF4C6-D979-4BAA-A5D1-B592D595019D}.Ad-Hoc|x86.Deploy.0 = Release|x86
		{EFDCF4C6-D979-4BAA-A5D1-B592D595019D}.AppStore|Any CPU.ActiveCfg = Release|Any CPU
		{EFDCF4C6-D979-4BAA-A5D1-B592D595019D}.AppStore|Any CPU.Build.0 = Release|Any CPU
		{EFDCF4C6-D979-4BAA-A5D1-B592D595019D}.AppStore|Any CPU.Deploy.0 = Release|Any CPU
		{EFDCF4C6-D979-4BAA-A5D1-B592D595019D}.AppStore|ARM.ActiveCfg = Release|ARM
		{EFDCF4C6-D979-4BAA-A5D1-B592D595019D}.AppStore|ARM.Build.0 = Release|ARM
		{EFDCF4C6-D979-4BAA-A5D1-B592D595019D}.AppStore|ARM.Deploy.0 = Release|ARM
		{EFDCF4C6-D979-4BAA-A5D1-B592D595019D}.AppStore|iPhone.ActiveCfg = Release|Any CPU
		{EFDCF4C6-D979-4BAA-A5D1-B592D595019D}.AppStore|iPhone.Build.0 = Release|Any CPU
		{EFDCF4C6-D979-4BAA-A5D1-B592D595019D}.AppStore|iPhone.Deploy.0 = Release|Any CPU
		{EFDCF4C6-D979-4BAA-A5D1-B592D595019D}.AppStore|iPhoneSimulator.ActiveCfg = Release|Any CPU
		{EFDCF4C6-D979-4BAA-A5D1-B592D595019D}.AppStore|iPhoneSimulator.Build.0 = Release|Any CPU
		{EFDCF4C6-D979-4BAA-A5D1-B592D595019D}.AppStore|iPhoneSimulator.Deploy.0 = Release|Any CPU
		{EFDCF4C6-D979-4BAA-A5D1-B592D595019D}.AppStore|x64.ActiveCfg = Release|x64
		{EFDCF4C6-D979-4BAA-A5D1-B592D595019D}.AppStore|x64.Build.0 = Release|x64
		{EFDCF4C6-D979-4BAA-A5D1-B592D595019D}.AppStore|x64.Deploy.0 = Release|x64
		{EFDCF4C6-D979-4BAA-A5D1-B592D595019D}.AppStore|x86.ActiveCfg = Release|x86
		{EFDCF4C6-D979-4BAA-A5D1-B592D595019D}.AppStore|x86.Build.0 = Release|x86
		{EFDCF4C6-D979-4BAA-A5D1-B592D595019D}.AppStore|x86.Deploy.0 = Release|x86
		{EFDCF4C6-D979-4BAA-A5D1-B592D595019D}.Debug|Any CPU.ActiveCfg = Debug|Any CPU
		{EFDCF4C6-D979-4BAA-A5D1-B592D595019D}.Debug|Any CPU.Build.0 = Debug|Any CPU
		{EFDCF4C6-D979-4BAA-A5D1-B592D595019D}.Debug|Any CPU.Deploy.0 = Debug|Any CPU
		{EFDCF4C6-D979-4BAA-A5D1-B592D595019D}.Debug|ARM.ActiveCfg = Debug|ARM
		{EFDCF4C6-D979-4BAA-A5D1-B592D595019D}.Debug|ARM.Build.0 = Debug|ARM
		{EFDCF4C6-D979-4BAA-A5D1-B592D595019D}.Debug|ARM.Deploy.0 = Debug|ARM
		{EFDCF4C6-D979-4BAA-A5D1-B592D595019D}.Debug|iPhone.ActiveCfg = Debug|Any CPU
		{EFDCF4C6-D979-4BAA-A5D1-B592D595019D}.Debug|iPhone.Build.0 = Debug|Any CPU
		{EFDCF4C6-D979-4BAA-A5D1-B592D595019D}.Debug|iPhone.Deploy.0 = Debug|Any CPU
		{EFDCF4C6-D979-4BAA-A5D1-B592D595019D}.Debug|iPhoneSimulator.ActiveCfg = Debug|Any CPU
		{EFDCF4C6-D979-4BAA-A5D1-B592D595019D}.Debug|iPhoneSimulator.Build.0 = Debug|Any CPU
		{EFDCF4C6-D979-4BAA-A5D1-B592D595019D}.Debug|iPhoneSimulator.Deploy.0 = Debug|Any CPU
		{EFDCF4C6-D979-4BAA-A5D1-B592D595019D}.Debug|x64.ActiveCfg = Debug|x64
		{EFDCF4C6-D979-4BAA-A5D1-B592D595019D}.Debug|x64.Build.0 = Debug|x64
		{EFDCF4C6-D979-4BAA-A5D1-B592D595019D}.Debug|x64.Deploy.0 = Debug|x64
		{EFDCF4C6-D979-4BAA-A5D1-B592D595019D}.Debug|x86.ActiveCfg = Debug|x86
		{EFDCF4C6-D979-4BAA-A5D1-B592D595019D}.Debug|x86.Build.0 = Debug|x86
		{EFDCF4C6-D979-4BAA-A5D1-B592D595019D}.Debug|x86.Deploy.0 = Debug|x86
		{EFDCF4C6-D979-4BAA-A5D1-B592D595019D}.Release|Any CPU.ActiveCfg = Release|Any CPU
		{EFDCF4C6-D979-4BAA-A5D1-B592D595019D}.Release|Any CPU.Build.0 = Release|Any CPU
		{EFDCF4C6-D979-4BAA-A5D1-B592D595019D}.Release|Any CPU.Deploy.0 = Release|Any CPU
		{EFDCF4C6-D979-4BAA-A5D1-B592D595019D}.Release|ARM.ActiveCfg = Release|ARM
		{EFDCF4C6-D979-4BAA-A5D1-B592D595019D}.Release|ARM.Build.0 = Release|ARM
		{EFDCF4C6-D979-4BAA-A5D1-B592D595019D}.Release|ARM.Deploy.0 = Release|ARM
		{EFDCF4C6-D979-4BAA-A5D1-B592D595019D}.Release|iPhone.ActiveCfg = Release|Any CPU
		{EFDCF4C6-D979-4BAA-A5D1-B592D595019D}.Release|iPhone.Build.0 = Release|Any CPU
		{EFDCF4C6-D979-4BAA-A5D1-B592D595019D}.Release|iPhone.Deploy.0 = Release|Any CPU
		{EFDCF4C6-D979-4BAA-A5D1-B592D595019D}.Release|iPhoneSimulator.ActiveCfg = Release|Any CPU
		{EFDCF4C6-D979-4BAA-A5D1-B592D595019D}.Release|iPhoneSimulator.Build.0 = Release|Any CPU
		{EFDCF4C6-D979-4BAA-A5D1-B592D595019D}.Release|iPhoneSimulator.Deploy.0 = Release|Any CPU
		{EFDCF4C6-D979-4BAA-A5D1-B592D595019D}.Release|x64.ActiveCfg = Release|x64
		{EFDCF4C6-D979-4BAA-A5D1-B592D595019D}.Release|x64.Build.0 = Release|x64
		{EFDCF4C6-D979-4BAA-A5D1-B592D595019D}.Release|x64.Deploy.0 = Release|x64
		{EFDCF4C6-D979-4BAA-A5D1-B592D595019D}.Release|x86.ActiveCfg = Release|x86
		{EFDCF4C6-D979-4BAA-A5D1-B592D595019D}.Release|x86.Build.0 = Release|x86
		{EFDCF4C6-D979-4BAA-A5D1-B592D595019D}.Release|x86.Deploy.0 = Release|x86
		{1E8623ED-D992-4B97-A6C1-906F2E34047D}.Ad-Hoc|Any CPU.ActiveCfg = Release|Any CPU
		{1E8623ED-D992-4B97-A6C1-906F2E34047D}.Ad-Hoc|Any CPU.Build.0 = Release|Any CPU
		{1E8623ED-D992-4B97-A6C1-906F2E34047D}.Ad-Hoc|ARM.ActiveCfg = Release|Any CPU
		{1E8623ED-D992-4B97-A6C1-906F2E34047D}.Ad-Hoc|ARM.Build.0 = Release|Any CPU
		{1E8623ED-D992-4B97-A6C1-906F2E34047D}.Ad-Hoc|iPhone.ActiveCfg = Release|Any CPU
		{1E8623ED-D992-4B97-A6C1-906F2E34047D}.Ad-Hoc|iPhone.Build.0 = Release|Any CPU
		{1E8623ED-D992-4B97-A6C1-906F2E34047D}.Ad-Hoc|iPhoneSimulator.ActiveCfg = Release|Any CPU
		{1E8623ED-D992-4B97-A6C1-906F2E34047D}.Ad-Hoc|iPhoneSimulator.Build.0 = Release|Any CPU
		{1E8623ED-D992-4B97-A6C1-906F2E34047D}.Ad-Hoc|x64.ActiveCfg = Release|Any CPU
		{1E8623ED-D992-4B97-A6C1-906F2E34047D}.Ad-Hoc|x64.Build.0 = Release|Any CPU
		{1E8623ED-D992-4B97-A6C1-906F2E34047D}.Ad-Hoc|x86.ActiveCfg = Release|Any CPU
		{1E8623ED-D992-4B97-A6C1-906F2E34047D}.Ad-Hoc|x86.Build.0 = Release|Any CPU
		{1E8623ED-D992-4B97-A6C1-906F2E34047D}.AppStore|Any CPU.ActiveCfg = Release|Any CPU
		{1E8623ED-D992-4B97-A6C1-906F2E34047D}.AppStore|Any CPU.Build.0 = Release|Any CPU
		{1E8623ED-D992-4B97-A6C1-906F2E34047D}.AppStore|ARM.ActiveCfg = Release|Any CPU
		{1E8623ED-D992-4B97-A6C1-906F2E34047D}.AppStore|ARM.Build.0 = Release|Any CPU
		{1E8623ED-D992-4B97-A6C1-906F2E34047D}.AppStore|iPhone.ActiveCfg = Release|Any CPU
		{1E8623ED-D992-4B97-A6C1-906F2E34047D}.AppStore|iPhone.Build.0 = Release|Any CPU
		{1E8623ED-D992-4B97-A6C1-906F2E34047D}.AppStore|iPhoneSimulator.ActiveCfg = Release|Any CPU
		{1E8623ED-D992-4B97-A6C1-906F2E34047D}.AppStore|iPhoneSimulator.Build.0 = Release|Any CPU
		{1E8623ED-D992-4B97-A6C1-906F2E34047D}.AppStore|x64.ActiveCfg = Release|Any CPU
		{1E8623ED-D992-4B97-A6C1-906F2E34047D}.AppStore|x64.Build.0 = Release|Any CPU
		{1E8623ED-D992-4B97-A6C1-906F2E34047D}.AppStore|x86.ActiveCfg = Release|Any CPU
		{1E8623ED-D992-4B97-A6C1-906F2E34047D}.AppStore|x86.Build.0 = Release|Any CPU
		{1E8623ED-D992-4B97-A6C1-906F2E34047D}.Debug|Any CPU.ActiveCfg = Debug|Any CPU
		{1E8623ED-D992-4B97-A6C1-906F2E34047D}.Debug|Any CPU.Build.0 = Debug|Any CPU
		{1E8623ED-D992-4B97-A6C1-906F2E34047D}.Debug|ARM.ActiveCfg = Debug|Any CPU
		{1E8623ED-D992-4B97-A6C1-906F2E34047D}.Debug|ARM.Build.0 = Debug|Any CPU
		{1E8623ED-D992-4B97-A6C1-906F2E34047D}.Debug|iPhone.ActiveCfg = Debug|Any CPU
		{1E8623ED-D992-4B97-A6C1-906F2E34047D}.Debug|iPhone.Build.0 = Debug|Any CPU
		{1E8623ED-D992-4B97-A6C1-906F2E34047D}.Debug|iPhoneSimulator.ActiveCfg = Debug|Any CPU
		{1E8623ED-D992-4B97-A6C1-906F2E34047D}.Debug|iPhoneSimulator.Build.0 = Debug|Any CPU
		{1E8623ED-D992-4B97-A6C1-906F2E34047D}.Debug|x64.ActiveCfg = Debug|Any CPU
		{1E8623ED-D992-4B97-A6C1-906F2E34047D}.Debug|x64.Build.0 = Debug|Any CPU
		{1E8623ED-D992-4B97-A6C1-906F2E34047D}.Debug|x86.ActiveCfg = Debug|Any CPU
		{1E8623ED-D992-4B97-A6C1-906F2E34047D}.Debug|x86.Build.0 = Debug|Any CPU
		{1E8623ED-D992-4B97-A6C1-906F2E34047D}.Release|Any CPU.ActiveCfg = Release|Any CPU
		{1E8623ED-D992-4B97-A6C1-906F2E34047D}.Release|Any CPU.Build.0 = Release|Any CPU
		{1E8623ED-D992-4B97-A6C1-906F2E34047D}.Release|ARM.ActiveCfg = Release|Any CPU
		{1E8623ED-D992-4B97-A6C1-906F2E34047D}.Release|ARM.Build.0 = Release|Any CPU
		{1E8623ED-D992-4B97-A6C1-906F2E34047D}.Release|iPhone.ActiveCfg = Release|Any CPU
		{1E8623ED-D992-4B97-A6C1-906F2E34047D}.Release|iPhone.Build.0 = Release|Any CPU
		{1E8623ED-D992-4B97-A6C1-906F2E34047D}.Release|iPhoneSimulator.ActiveCfg = Release|Any CPU
		{1E8623ED-D992-4B97-A6C1-906F2E34047D}.Release|iPhoneSimulator.Build.0 = Release|Any CPU
		{1E8623ED-D992-4B97-A6C1-906F2E34047D}.Release|x64.ActiveCfg = Release|Any CPU
		{1E8623ED-D992-4B97-A6C1-906F2E34047D}.Release|x64.Build.0 = Release|Any CPU
		{1E8623ED-D992-4B97-A6C1-906F2E34047D}.Release|x86.ActiveCfg = Release|Any CPU
		{1E8623ED-D992-4B97-A6C1-906F2E34047D}.Release|x86.Build.0 = Release|Any CPU
		{1773B444-8CDA-4C13-A16B-10C9552DC4D7}.Ad-Hoc|Any CPU.ActiveCfg = Release|Any CPU
		{1773B444-8CDA-4C13-A16B-10C9552DC4D7}.Ad-Hoc|Any CPU.Build.0 = Release|Any CPU
		{1773B444-8CDA-4C13-A16B-10C9552DC4D7}.Ad-Hoc|ARM.ActiveCfg = Release|Any CPU
		{1773B444-8CDA-4C13-A16B-10C9552DC4D7}.Ad-Hoc|ARM.Build.0 = Release|Any CPU
		{1773B444-8CDA-4C13-A16B-10C9552DC4D7}.Ad-Hoc|iPhone.ActiveCfg = Release|Any CPU
		{1773B444-8CDA-4C13-A16B-10C9552DC4D7}.Ad-Hoc|iPhone.Build.0 = Release|Any CPU
		{1773B444-8CDA-4C13-A16B-10C9552DC4D7}.Ad-Hoc|iPhoneSimulator.ActiveCfg = Release|Any CPU
		{1773B444-8CDA-4C13-A16B-10C9552DC4D7}.Ad-Hoc|iPhoneSimulator.Build.0 = Release|Any CPU
		{1773B444-8CDA-4C13-A16B-10C9552DC4D7}.Ad-Hoc|x64.ActiveCfg = Release|Any CPU
		{1773B444-8CDA-4C13-A16B-10C9552DC4D7}.Ad-Hoc|x64.Build.0 = Release|Any CPU
		{1773B444-8CDA-4C13-A16B-10C9552DC4D7}.Ad-Hoc|x86.ActiveCfg = Release|Any CPU
		{1773B444-8CDA-4C13-A16B-10C9552DC4D7}.Ad-Hoc|x86.Build.0 = Release|Any CPU
		{1773B444-8CDA-4C13-A16B-10C9552DC4D7}.AppStore|Any CPU.ActiveCfg = Release|Any CPU
		{1773B444-8CDA-4C13-A16B-10C9552DC4D7}.AppStore|Any CPU.Build.0 = Release|Any CPU
		{1773B444-8CDA-4C13-A16B-10C9552DC4D7}.AppStore|ARM.ActiveCfg = Release|Any CPU
		{1773B444-8CDA-4C13-A16B-10C9552DC4D7}.AppStore|ARM.Build.0 = Release|Any CPU
		{1773B444-8CDA-4C13-A16B-10C9552DC4D7}.AppStore|iPhone.ActiveCfg = Release|Any CPU
		{1773B444-8CDA-4C13-A16B-10C9552DC4D7}.AppStore|iPhone.Build.0 = Release|Any CPU
		{1773B444-8CDA-4C13-A16B-10C9552DC4D7}.AppStore|iPhoneSimulator.ActiveCfg = Release|Any CPU
		{1773B444-8CDA-4C13-A16B-10C9552DC4D7}.AppStore|iPhoneSimulator.Build.0 = Release|Any CPU
		{1773B444-8CDA-4C13-A16B-10C9552DC4D7}.AppStore|x64.ActiveCfg = Release|Any CPU
		{1773B444-8CDA-4C13-A16B-10C9552DC4D7}.AppStore|x64.Build.0 = Release|Any CPU
		{1773B444-8CDA-4C13-A16B-10C9552DC4D7}.AppStore|x86.ActiveCfg = Release|Any CPU
		{1773B444-8CDA-4C13-A16B-10C9552DC4D7}.AppStore|x86.Build.0 = Release|Any CPU
		{1773B444-8CDA-4C13-A16B-10C9552DC4D7}.Debug|Any CPU.ActiveCfg = Debug|Any CPU
		{1773B444-8CDA-4C13-A16B-10C9552DC4D7}.Debug|Any CPU.Build.0 = Debug|Any CPU
		{1773B444-8CDA-4C13-A16B-10C9552DC4D7}.Debug|ARM.ActiveCfg = Debug|Any CPU
		{1773B444-8CDA-4C13-A16B-10C9552DC4D7}.Debug|ARM.Build.0 = Debug|Any CPU
		{1773B444-8CDA-4C13-A16B-10C9552DC4D7}.Debug|iPhone.ActiveCfg = Debug|Any CPU
		{1773B444-8CDA-4C13-A16B-10C9552DC4D7}.Debug|iPhone.Build.0 = Debug|Any CPU
		{1773B444-8CDA-4C13-A16B-10C9552DC4D7}.Debug|iPhoneSimulator.ActiveCfg = Debug|Any CPU
		{1773B444-8CDA-4C13-A16B-10C9552DC4D7}.Debug|iPhoneSimulator.Build.0 = Debug|Any CPU
		{1773B444-8CDA-4C13-A16B-10C9552DC4D7}.Debug|x64.ActiveCfg = Debug|Any CPU
		{1773B444-8CDA-4C13-A16B-10C9552DC4D7}.Debug|x64.Build.0 = Debug|Any CPU
		{1773B444-8CDA-4C13-A16B-10C9552DC4D7}.Debug|x86.ActiveCfg = Debug|Any CPU
		{1773B444-8CDA-4C13-A16B-10C9552DC4D7}.Debug|x86.Build.0 = Debug|Any CPU
		{1773B444-8CDA-4C13-A16B-10C9552DC4D7}.Release|Any CPU.ActiveCfg = Release|Any CPU
		{1773B444-8CDA-4C13-A16B-10C9552DC4D7}.Release|Any CPU.Build.0 = Release|Any CPU
		{1773B444-8CDA-4C13-A16B-10C9552DC4D7}.Release|ARM.ActiveCfg = Release|Any CPU
		{1773B444-8CDA-4C13-A16B-10C9552DC4D7}.Release|ARM.Build.0 = Release|Any CPU
		{1773B444-8CDA-4C13-A16B-10C9552DC4D7}.Release|iPhone.ActiveCfg = Release|Any CPU
		{1773B444-8CDA-4C13-A16B-10C9552DC4D7}.Release|iPhone.Build.0 = Release|Any CPU
		{1773B444-8CDA-4C13-A16B-10C9552DC4D7}.Release|iPhoneSimulator.ActiveCfg = Release|Any CPU
		{1773B444-8CDA-4C13-A16B-10C9552DC4D7}.Release|iPhoneSimulator.Build.0 = Release|Any CPU
		{1773B444-8CDA-4C13-A16B-10C9552DC4D7}.Release|x64.ActiveCfg = Release|Any CPU
		{1773B444-8CDA-4C13-A16B-10C9552DC4D7}.Release|x64.Build.0 = Release|Any CPU
		{1773B444-8CDA-4C13-A16B-10C9552DC4D7}.Release|x86.ActiveCfg = Release|Any CPU
		{1773B444-8CDA-4C13-A16B-10C9552DC4D7}.Release|x86.Build.0 = Release|Any CPU
	EndGlobalSection
	GlobalSection(SolutionProperties) = preSolution
		HideSolutionNode = FALSE
	EndGlobalSection
EndGlobal
